
Microsoft Visual Studio Solution File, Format Version 12.00
# Visual Studio 15
Project("{FAE04EC0-301F-11D3-BF4B-00C04F79EFBC}") = "Zenject", "Zenject.csproj", "{6BE5EFD8-F99C-5EB6-0F15-E5B424A4BAE3}"
EndProject
Project("{FAE04EC0-301F-11D3-BF4B-00C04F79EFBC}") = "Zenject-IntegrationTests-Editor", "Zenject-IntegrationTests-Editor.csproj", "{15EB04FD-C5F6-4642-7E5C-E4971AD18169}"
EndProject
Project("{FAE04EC0-301F-11D3-BF4B-00C04F79EFBC}") = "Zenject-IntegrationTests", "Zenject-IntegrationTests.csproj", "{7F0A7124-75E7-47E5-E3DF-84B622C8D8AB}"
EndProject
Project("{FAE04EC0-301F-11D3-BF4B-00C04F79EFBC}") = "Core", "Core.csproj", "{821C31BB-BCB5-576A-E583-5C1934AC6EEE}"
EndProject
Project("{FAE04EC0-301F-11D3-BF4B-00C04F79EFBC}") = "Game", "Game.csproj", "{4FD9A5A6-3EDB-86D0-CE95-725824D1A952}"
EndProject
Project("{FAE04EC0-301F-11D3-BF4B-00C04F79EFBC}") = "Zenject-PoolMonitor-Editor", "Zenject-PoolMonitor-Editor.csproj", "{CD2D3B40-579F-E864-27F4-DA22617C1A96}"
EndProject
Project("{FAE04EC0-301F-11D3-BF4B-00C04F79EFBC}") = "Zenject-Editor", "Zenject-Editor.csproj", "{DD3CDE06-08E6-99C7-C36E-4D1FDA8DD180}"
EndProject
Project("{FAE04EC0-301F-11D3-BF4B-00C04F79EFBC}") = "Zenject-UnitTests-Editor", "Zenject-UnitTests-Editor.csproj", "{6C4877A4-D8C6-97D4-0CE0-CEE1B83687C1}"
EndProject
Project("{FAE04EC0-301F-11D3-BF4B-00C04F79EFBC}") = "Zenject-ReflectionBaking-Editor", "Zenject-ReflectionBaking-Editor.csproj", "{843C1FA1-ACB8-D07E-2B05-6C0CF48B9D86}"
EndProject
Project("{FAE04EC0-301F-11D3-BF4B-00C04F79EFBC}") = "Zenject-TestFramework", "Zenject-TestFramework.csproj", "{393D937C-3F77-8D24-971D-5395C627B8A9}"
EndProject
Global
	GlobalSection(SolutionConfigurationPlatforms) = preSolution
		Debug|Any CPU = Debug|Any CPU
		Release|Any CPU = Release|Any CPU
	EndGlobalSection
	GlobalSection(ProjectConfigurationPlatforms) = postSolution
		{6BE5EFD8-F99C-5EB6-0F15-E5B424A4BAE3}.Debug|Any CPU.ActiveCfg = Debug|Any CPU
		{6BE5EFD8-F99C-5EB6-0F15-E5B424A4BAE3}.Debug|Any CPU.Build.0 = Debug|Any CPU
		{6BE5EFD8-F99C-5EB6-0F15-E5B424A4BAE3}.Release|Any CPU.ActiveCfg = Release|Any CPU
		{6BE5EFD8-F99C-5EB6-0F15-E5B424A4BAE3}.Release|Any CPU.Build.0 = Release|Any CPU
		{15EB04FD-C5F6-4642-7E5C-E4971AD18169}.Debug|Any CPU.ActiveCfg = Debug|Any CPU
		{15EB04FD-C5F6-4642-7E5C-E4971AD18169}.Debug|Any CPU.Build.0 = Debug|Any CPU
		{15EB04FD-C5F6-4642-7E5C-E4971AD18169}.Release|Any CPU.ActiveCfg = Release|Any CPU
		{15EB04FD-C5F6-4642-7E5C-E4971AD18169}.Release|Any CPU.Build.0 = Release|Any CPU
		{7F0A7124-75E7-47E5-E3DF-84B622C8D8AB}.Debug|Any CPU.ActiveCfg = Debug|Any CPU
		{7F0A7124-75E7-47E5-E3DF-84B622C8D8AB}.Debug|Any CPU.Build.0 = Debug|Any CPU
		{7F0A7124-75E7-47E5-E3DF-84B622C8D8AB}.Release|Any CPU.ActiveCfg = Release|Any CPU
		{7F0A7124-75E7-47E5-E3DF-84B622C8D8AB}.Release|Any CPU.Build.0 = Release|Any CPU
		{821C31BB-BCB5-576A-E583-5C1934AC6EEE}.Debug|Any CPU.ActiveCfg = Debug|Any CPU
		{821C31BB-BCB5-576A-E583-5C1934AC6EEE}.Debug|Any CPU.Build.0 = Debug|Any CPU
		{821C31BB-BCB5-576A-E583-5C1934AC6EEE}.Release|Any CPU.ActiveCfg = Release|Any CPU
		{821C31BB-BCB5-576A-E583-5C1934AC6EEE}.Release|Any CPU.Build.0 = Release|Any CPU
		{4FD9A5A6-3EDB-86D0-CE95-725824D1A952}.Debug|Any CPU.ActiveCfg = Debug|Any CPU
		{4FD9A5A6-3EDB-86D0-CE95-725824D1A952}.Debug|Any CPU.Build.0 = Debug|Any CPU
		{4FD9A5A6-3EDB-86D0-CE95-725824D1A952}.Release|Any CPU.ActiveCfg = Release|Any CPU
		{4FD9A5A6-3EDB-86D0-CE95-725824D1A952}.Release|Any CPU.Build.0 = Release|Any CPU
		{CD2D3B40-579F-E864-27F4-DA22617C1A96}.Debug|Any CPU.ActiveCfg = Debug|Any CPU
		{CD2D3B40-579F-E864-27F4-DA22617C1A96}.Debug|Any CPU.Build.0 = Debug|Any CPU
		{CD2D3B40-579F-E864-27F4-DA22617C1A96}.Release|Any CPU.ActiveCfg = Release|Any CPU
		{CD2D3B40-579F-E864-27F4-DA22617C1A96}.Release|Any CPU.Build.0 = Release|Any CPU
		{DD3CDE06-08E6-99C7-C36E-4D1FDA8DD180}.Debug|Any CPU.ActiveCfg = Debug|Any CPU
		{DD3CDE06-08E6-99C7-C36E-4D1FDA8DD180}.Debug|Any CPU.Build.0 = Debug|Any CPU
		{DD3CDE06-08E6-99C7-C36E-4D1FDA8DD180}.Release|Any CPU.ActiveCfg = Release|Any CPU
		{DD3CDE06-08E6-99C7-C36E-4D1FDA8DD180}.Release|Any CPU.Build.0 = Release|Any CPU
		{6C4877A4-D8C6-97D4-0CE0-CEE1B83687C1}.Debug|Any CPU.ActiveCfg = Debug|Any CPU
		{6C4877A4-D8C6-97D4-0CE0-CEE1B83687C1}.Debug|Any CPU.Build.0 = Debug|Any CPU
		{6C4877A4-D8C6-97D4-0CE0-CEE1B83687C1}.Release|Any CPU.ActiveCfg = Release|Any CPU
		{6C4877A4-D8C6-97D4-0CE0-CEE1B83687C1}.Release|Any CPU.Build.0 = Release|Any CPU
		{843C1FA1-ACB8-D07E-2B05-6C0CF48B9D86}.Debug|Any CPU.ActiveCfg = Debug|Any CPU
		{843C1FA1-ACB8-D07E-2B05-6C0CF48B9D86}.Debug|Any CPU.Build.0 = Debug|Any CPU
		{843C1FA1-ACB8-D07E-2B05-6C0CF48B9D86}.Release|Any CPU.ActiveCfg = Release|Any CPU
		{843C1FA1-ACB8-D07E-2B05-6C0CF48B9D86}.Release|Any CPU.Build.0 = Release|Any CPU
		{393D937C-3F77-8D24-971D-5395C627B8A9}.Debug|Any CPU.ActiveCfg = Debug|Any CPU
		{393D937C-3F77-8D24-971D-5395C627B8A9}.Debug|Any CPU.Build.0 = Debug|Any CPU
		{393D937C-3F77-8D24-971D-5395C627B8A9}.Release|Any CPU.ActiveCfg = Release|Any CPU
		{393D937C-3F77-8D24-971D-5395C627B8A9}.Release|Any CPU.Build.0 = Release|Any CPU
	EndGlobalSection
	GlobalSection(SolutionProperties) = preSolution
		HideSolutionNode = FALSE
	EndGlobalSection
EndGlobal
